
Microsoft Visual Studio Solution File, Format Version 12.00
# Visual Studio Version 17
VisualStudioVersion = 17.0.31903.59
MinimumVisualStudioVersion = 10.0.40219.1
Project("{2150E333-8FDC-42A3-9474-1A3956D46DE8}") = "src", "src", "{827E0CD3-B72D-47B6-A68D-7590B98EB39B}"
EndProject
Project("{FAE04EC0-301F-11D3-BF4B-00C04F79EFBC}") = "PixelDeck.App", "src\PixelDeck.App\PixelDeck.App.csproj", "{09EB4D6A-397C-4E11-A1BA-3ABBDB52DADF}"
EndProject
Project("{2150E333-8FDC-42A3-9474-1A3956D46DE8}") = "tests", "tests", "{0AB3BF05-4346-4AA6-1389-037BE0695223}"
EndProject
Project("{FAE04EC0-301F-11D3-BF4B-00C04F79EFBC}") = "PixelDeck.App.Tests", "tests\PixelDeck.App.Tests\PixelDeck.App.Tests.csproj", "{4848948E-374B-425F-9FC2-FCF1863F72DE}"
EndProject
Project("{FAE04EC0-301F-11D3-BF4B-00C04F79EFBC}") = "PixelDeck.Emulation.Nes", "src\PixelDeck.Emulation.Nes\PixelDeck.Emulation.Nes.csproj", "{BC95C643-E13D-4EE9-BE08-A7D8BE002409}"
EndProject
Project("{FAE04EC0-301F-11D3-BF4B-00C04F79EFBC}") = "PixelDeck.Emulation.Snes", "src\PixelDeck.Emulation.Snes\PixelDeck.Emulation.Snes.csproj", "{D991AF44-E30D-497E-AF80-96C2FECA9A31}"
EndProject
Global
	GlobalSection(SolutionConfigurationPlatforms) = preSolution
		Debug|Any CPU = Debug|Any CPU
		Debug|x64 = Debug|x64
		Debug|x86 = Debug|x86
		Release|Any CPU = Release|Any CPU
		Release|x64 = Release|x64
		Release|x86 = Release|x86
	EndGlobalSection
	GlobalSection(ProjectConfigurationPlatforms) = postSolution
		{09EB4D6A-397C-4E11-A1BA-3ABBDB52DADF}.Debug|Any CPU.ActiveCfg = Debug|Any CPU
		{09EB4D6A-397C-4E11-A1BA-3ABBDB52DADF}.Debug|Any CPU.Build.0 = Debug|Any CPU
		{09EB4D6A-397C-4E11-A1BA-3ABBDB52DADF}.Debug|x64.ActiveCfg = Debug|Any CPU
		{09EB4D6A-397C-4E11-A1BA-3ABBDB52DADF}.Debug|x64.Build.0 = Debug|Any CPU
		{09EB4D6A-397C-4E11-A1BA-3ABBDB52DADF}.Debug|x86.ActiveCfg = Debug|Any CPU
		{09EB4D6A-397C-4E11-A1BA-3ABBDB52DADF}.Debug|x86.Build.0 = Debug|Any CPU
		{09EB4D6A-397C-4E11-A1BA-3ABBDB52DADF}.Release|Any CPU.ActiveCfg = Release|Any CPU
		{09EB4D6A-397C-4E11-A1BA-3ABBDB52DADF}.Release|Any CPU.Build.0 = Release|Any CPU
		{09EB4D6A-397C-4E11-A1BA-3ABBDB52DADF}.Release|x64.ActiveCfg = Release|Any CPU
		{09EB4D6A-397C-4E11-A1BA-3ABBDB52DADF}.Release|x64.Build.0 = Release|Any CPU
		{09EB4D6A-397C-4E11-A1BA-3ABBDB52DADF}.Release|x86.ActiveCfg = Release|Any CPU
		{09EB4D6A-397C-4E11-A1BA-3ABBDB52DADF}.Release|x86.Build.0 = Release|Any CPU
		{4848948E-374B-425F-9FC2-FCF1863F72DE}.Debug|Any CPU.ActiveCfg = Debug|Any CPU
		{4848948E-374B-425F-9FC2-FCF1863F72DE}.Debug|Any CPU.Build.0 = Debug|Any CPU
		{4848948E-374B-425F-9FC2-FCF1863F72DE}.Debug|x64.ActiveCfg = Debug|Any CPU
		{4848948E-374B-425F-9FC2-FCF1863F72DE}.Debug|x64.Build.0 = Debug|Any CPU
		{4848948E-374B-425F-9FC2-FCF1863F72DE}.Debug|x86.ActiveCfg = Debug|Any CPU
		{4848948E-374B-425F-9FC2-FCF1863F72DE}.Debug|x86.Build.0 = Debug|Any CPU
		{4848948E-374B-425F-9FC2-FCF1863F72DE}.Release|Any CPU.ActiveCfg = Release|Any CPU
		{4848948E-374B-425F-9FC2-FCF1863F72DE}.Release|Any CPU.Build.0 = Release|Any CPU
		{4848948E-374B-425F-9FC2-FCF1863F72DE}.Release|x64.ActiveCfg = Release|Any CPU
		{4848948E-374B-425F-9FC2-FCF1863F72DE}.Release|x64.Build.0 = Release|Any CPU
		{4848948E-374B-425F-9FC2-FCF1863F72DE}.Release|x86.ActiveCfg = Release|Any CPU
		{4848948E-374B-425F-9FC2-FCF1863F72DE}.Release|x86.Build.0 = Release|Any CPU
		{BC95C643-E13D-4EE9-BE08-A7D8BE002409}.Debug|Any CPU.ActiveCfg = Debug|Any CPU
		{BC95C643-E13D-4EE9-BE08-A7D8BE002409}.Debug|Any CPU.Build.0 = Debug|Any CPU
		{BC95C643-E13D-4EE9-BE08-A7D8BE002409}.Debug|x64.ActiveCfg = Debug|Any CPU
		{BC95C643-E13D-4EE9-BE08-A7D8BE002409}.Debug|x64.Build.0 = Debug|Any CPU
		{BC95C643-E13D-4EE9-BE08-A7D8BE002409}.Debug|x86.ActiveCfg = Debug|Any CPU
		{BC95C643-E13D-4EE9-BE08-A7D8BE002409}.Debug|x86.Build.0 = Debug|Any CPU
		{BC95C643-E13D-4EE9-BE08-A7D8BE002409}.Release|Any CPU.ActiveCfg = Release|Any CPU
		{BC95C643-E13D-4EE9-BE08-A7D8BE002409}.Release|Any CPU.Build.0 = Release|Any CPU
		{BC95C643-E13D-4EE9-BE08-A7D8BE002409}.Release|x64.ActiveCfg = Release|Any CPU
		{BC95C643-E13D-4EE9-BE08-A7D8BE002409}.Release|x64.Build.0 = Release|Any CPU
		{BC95C643-E13D-4EE9-BE08-A7D8BE002409}.Release|x86.ActiveCfg = Release|Any CPU
		{BC95C643-E13D-4EE9-BE08-A7D8BE002409}.Release|x86.Build.0 = Release|Any CPU
		{D991AF44-E30D-497E-AF80-96C2FECA9A31}.Debug|Any CPU.ActiveCfg = Debug|Any CPU
		{D991AF44-E30D-497E-AF80-96C2FECA9A31}.Debug|Any CPU.Build.0 = Debug|Any CPU
		{D991AF44-E30D-497E-AF80-96C2FECA9A31}.Debug|x64.ActiveCfg = Debug|Any CPU
		{D991AF44-E30D-497E-AF80-96C2FECA9A31}.Debug|x64.Build.0 = Debug|Any CPU
		{D991AF44-E30D-497E-AF80-96C2FECA9A31}.Debug|x86.ActiveCfg = Debug|Any CPU
		{D991AF44-E30D-497E-AF80-96C2FECA9A31}.Debug|x86.Build.0 = Debug|Any CPU
		{D991AF44-E30D-497E-AF80-96C2FECA9A31}.Release|Any CPU.ActiveCfg = Release|Any CPU
		{D991AF44-E30D-497E-AF80-96C2FECA9A31}.Release|Any CPU.Build.0 = Release|Any CPU
		{D991AF44-E30D-497E-AF80-96C2FECA9A31}.Release|x64.ActiveCfg = Release|Any CPU
		{D991AF44-E30D-497E-AF80-96C2FECA9A31}.Release|x64.Build.0 = Release|Any CPU
		{D991AF44-E30D-497E-AF80-96C2FECA9A31}.Release|x86.ActiveCfg = Release|Any CPU
		{D991AF44-E30D-497E-AF80-96C2FECA9A31}.Release|x86.Build.0 = Release|Any CPU
	EndGlobalSection
	GlobalSection(SolutionProperties) = preSolution
		HideSolutionNode = FALSE
	EndGlobalSection
	GlobalSection(NestedProjects) = preSolution
		{09EB4D6A-397C-4E11-A1BA-3ABBDB52DADF} = {827E0CD3-B72D-47B6-A68D-7590B98EB39B}
		{4848948E-374B-425F-9FC2-FCF1863F72DE} = {0AB3BF05-4346-4AA6-1389-037BE0695223}
		{BC95C643-E13D-4EE9-BE08-A7D8BE002409} = {827E0CD3-B72D-47B6-A68D-7590B98EB39B}
		{D991AF44-E30D-497E-AF80-96C2FECA9A31} = {827E0CD3-B72D-47B6-A68D-7590B98EB39B}
	EndGlobalSection
EndGlobal
